
Microsoft Visual Studio Solution File, Format Version 12.00
# Visual Studio Version 16
VisualStudioVersion = 16.0.32126.315
MinimumVisualStudioVersion = 10.0.40219.1
Project("{FAE04EC0-301F-11D3-BF4B-00C04F79EFBC}") = "BMI", "BMI\BMI.csproj", "{DAAB6E27-EB78-49CC-B3F7-6F3031FCCDBE}"
EndProject
Global
	GlobalSection(SolutionConfigurationPlatforms) = preSolution
		Debug|Any CPU = Debug|Any CPU
		Release|Any CPU = Release|Any CPU
	EndGlobalSection
	GlobalSection(ProjectConfigurationPlatforms) = postSolution
		{DAAB6E27-EB78-49CC-B3F7-6F3031FCCDBE}.Debug|Any CPU.ActiveCfg = Debug|Any CPU
		{DAAB6E27-EB78-49CC-B3F7-6F3031FCCDBE}.Debug|Any CPU.Build.0 = Debug|Any CPU
		{DAAB6E27-EB78-49CC-B3F7-6F3031FCCDBE}.Release|Any CPU.ActiveCfg = Release|Any CPU
		{DAAB6E27-EB78-49CC-B3F7-6F3031FCCDBE}.Release|Any CPU.Build.0 = Release|Any CPU
	EndGlobalSection
	GlobalSection(SolutionProperties) = preSolution
		HideSolutionNode = FALSE
	EndGlobalSection
	GlobalSection(ExtensibilityGlobals) = postSolution
		SolutionGuid = {D5738543-0EF8-4831-B4C5-E31CF4CCD1B5}
	EndGlobalSection
EndGlobal
